
Microsoft Visual Studio Solution File, Format Version 12.00
# Visual Studio Version 17
VisualStudioVersion = 17.5.33424.131
MinimumVisualStudioVersion = 10.0.40219.1
Project("{FAE04EC0-301F-11D3-BF4B-00C04F79EFBC}") = "PJATK1", "PJATK1\PJATK1.csproj", "{45C331D1-56A5-446A-8851-408A8E8B8C30}"
EndProject
Global
	GlobalSection(SolutionConfigurationPlatforms) = preSolution
		Debug|Any CPU = Debug|Any CPU
		Release|Any CPU = Release|Any CPU
	EndGlobalSection
	GlobalSection(ProjectConfigurationPlatforms) = postSolution
		{45C331D1-56A5-446A-8851-408A8E8B8C30}.Debug|Any CPU.ActiveCfg = Debug|Any CPU
		{45C331D1-56A5-446A-8851-408A8E8B8C30}.Debug|Any CPU.Build.0 = Debug|Any CPU
		{45C331D1-56A5-446A-8851-408A8E8B8C30}.Release|Any CPU.ActiveCfg = Release|Any CPU
		{45C331D1-56A5-446A-8851-408A8E8B8C30}.Release|Any CPU.Build.0 = Release|Any CPU
	EndGlobalSection
	GlobalSection(SolutionProperties) = preSolution
		HideSolutionNode = FALSE
	EndGlobalSection
	GlobalSection(ExtensibilityGlobals) = postSolution
		SolutionGuid = {1768364A-0F1E-402C-9E90-18FA960F1840}
	EndGlobalSection
EndGlobal
